{
    "_readme": [
        "This file locks the dependencies of your project to a known state",
        "Read more about it at http://getcomposer.org/doc/01-basic-usage.md#composer-lock-the-lock-file"
    ],
    "hash": "ddacd532995a14f6a6ecbc30ef1d636f",
    "packages": [
        {
            "name": "europaphp/component-app",
            "version": "dev-master",
            "source": {
                "type": "git",
                "url": "https://github.com/europaphp/component-app.git",
                "reference": "647f4dbc0f995b669c7c1148b36efdd7654cdb7a"
            },
            "dist": {
                "type": "zip",
                "url": "https://api.github.com/repos/europaphp/component-app/zipball/647f4dbc0f995b669c7c1148b36efdd7654cdb7a",
                "reference": "647f4dbc0f995b669c7c1148b36efdd7654cdb7a",
                "shasum": ""
            },
            "require": {
                "europaphp/component-di": "dev-master",
                "europaphp/component-exception": "dev-master",
                "europaphp/component-filter": "dev-master",
                "europaphp/component-module": "dev-master",
                "europaphp/component-reflection": "dev-master",
                "europaphp/component-request": "dev-master",
                "europaphp/component-response": "dev-master",
                "europaphp/component-view": "dev-master",
                "php": ">=5.4.0, <6.0.0"
            },
            "type": "library",
            "autoload": {
                "psr-0": {
                    "Europa": "src"
                }
            },
            "notification-url": "https://packagist.org/downloads/",
            "license": [
                "MIT"
            ],
            "authors": [
                {
                    "name": "Trey Shugart",
                    "email": "treshugart@gmail.com",
                    "homepage": "http://iamtres.com",
                    "role": "Lead Developer"
                }
            ],
            "description": "EuropaPHP application component.",
            "keywords": [
                "Simple",
                "controller",
                "fast",
                "modular",
                "module",
                "mvc",
                "scalable",
                "view"
            ],
            "time": "2013-09-30 12:20:46"
        },
        {
            "name": "europaphp/component-bootstrapper",
            "version": "dev-master",
            "source": {
                "type": "git",
                "url": "https://github.com/europaphp/component-bootstrapper.git",
                "reference": "9f424b6f69a79ed95bf356f64c05e2849d219bce"
            },
            "dist": {
                "type": "zip",
                "url": "https://api.github.com/repos/europaphp/component-bootstrapper/zipball/9f424b6f69a79ed95bf356f64c05e2849d219bce",
                "reference": "9f424b6f69a79ed95bf356f64c05e2849d219bce",
                "shasum": ""
            },
            "require": {
                "europaphp/component-reflection": "dev-master",
                "php": ">=5.4.0, <6.0.0"
            },
            "type": "library",
            "autoload": {
                "psr-0": {
                    "Europa": "src"
                }
            },
            "notification-url": "https://packagist.org/downloads/",
            "license": [
                "MIT"
            ],
            "authors": [
                {
                    "name": "Trey Shugart",
                    "email": "treshugart@gmail.com",
                    "homepage": "http://iamtres.com",
                    "role": "Lead Developer"
                }
            ],
            "description": "EuropaPHP bootstrapper component.",
            "keywords": [
                "Simple",
                "controller",
                "fast",
                "modular",
                "module",
                "mvc",
                "scalable",
                "view"
            ],
            "time": "2013-09-30 12:20:57"
        },
        {
            "name": "europaphp/component-config",
            "version": "dev-master",
            "source": {
                "type": "git",
                "url": "https://github.com/europaphp/component-config.git",
                "reference": "677b163049f1e3c92c7755f104ea96c3110f4a0a"
            },
            "dist": {
                "type": "zip",
                "url": "https://api.github.com/repos/europaphp/component-config/zipball/677b163049f1e3c92c7755f104ea96c3110f4a0a",
                "reference": "677b163049f1e3c92c7755f104ea96c3110f4a0a",
                "shasum": ""
            },
            "require": {
                "europaphp/component-exception": "dev-master",
                "php": ">=5.4.0, <6.0.0"
            },
            "type": "library",
            "autoload": {
                "psr-0": {
                    "Europa": "src"
                }
            },
            "notification-url": "https://packagist.org/downloads/",
            "license": [
                "MIT"
            ],
            "authors": [
                {
                    "name": "Trey Shugart",
                    "email": "treshugart@gmail.com",
                    "homepage": "http://iamtres.com",
                    "role": "Lead Developer"
                }
            ],
            "description": "EuropaPHP configuration component.",
            "keywords": [
                "Simple",
                "controller",
                "fast",
                "modular",
                "module",
                "mvc",
                "scalable",
                "view"
            ],
            "time": "2013-09-30 12:21:14"
        },
        {
            "name": "europaphp/component-di",
            "version": "dev-master",
            "source": {
                "type": "git",
                "url": "https://github.com/europaphp/component-di.git",
                "reference": "7a7b3686b4d2ab2e564000b79a9ef344b64c38ea"
            },
            "dist": {
                "type": "zip",
                "url": "https://api.github.com/repos/europaphp/component-di/zipball/7a7b3686b4d2ab2e564000b79a9ef344b64c38ea",
                "reference": "7a7b3686b4d2ab2e564000b79a9ef344b64c38ea",
                "shasum": ""
            },
            "require": {
                "europaphp/component-exception": "dev-master",
                "europaphp/component-iterator": "dev-master",
                "php": ">=5.4.0, <6.0.0"
            },
            "type": "library",
            "autoload": {
                "psr-0": {
                    "Europa": "src"
                }
            },
            "notification-url": "https://packagist.org/downloads/",
            "license": [
                "MIT"
            ],
            "authors": [
                {
                    "name": "Trey Shugart",
                    "email": "treshugart@gmail.com",
                    "homepage": "http://iamtres.com",
                    "role": "Lead Developer"
                }
            ],
            "description": "EuropaPHP dependency injection component.",
            "keywords": [
                "Simple",
                "controller",
                "fast",
                "modular",
                "module",
                "mvc",
                "scalable",
                "view"
            ],
            "time": "2013-09-30 12:21:32"
        },
        {
            "name": "europaphp/component-exception",
            "version": "dev-master",
            "source": {
                "type": "git",
                "url": "https://github.com/europaphp/component-exception.git",
                "reference": "570d43c5b0ae2a3ce59b235c30650dd601112017"
            },
            "dist": {
                "type": "zip",
                "url": "https://api.github.com/repos/europaphp/component-exception/zipball/570d43c5b0ae2a3ce59b235c30650dd601112017",
                "reference": "570d43c5b0ae2a3ce59b235c30650dd601112017",
                "shasum": ""
            },
            "require": {
                "php": ">=5.4.0, <6.0.0"
            },
            "type": "library",
            "autoload": {
                "psr-0": {
                    "Europa": "src"
                }
            },
            "notification-url": "https://packagist.org/downloads/",
            "license": [
                "MIT"
            ],
            "authors": [
                {
                    "name": "Trey Shugart",
                    "email": "treshugart@gmail.com",
                    "homepage": "http://iamtres.com",
                    "role": "Lead Developer"
                }
            ],
            "description": "EuropaPHP exception component.",
            "keywords": [
                "Simple",
                "controller",
                "fast",
                "modular",
                "module",
                "mvc",
                "scalable",
                "view"
            ],
            "time": "2013-09-30 11:54:42"
        },
        {
            "name": "europaphp/component-filter",
            "version": "dev-master",
            "source": {
                "type": "git",
                "url": "https://github.com/europaphp/component-filter.git",
                "reference": "5689b994c242c14c463a30b9e831a617400e9887"
            },
            "dist": {
                "type": "zip",
                "url": "https://api.github.com/repos/europaphp/component-filter/zipball/5689b994c242c14c463a30b9e831a617400e9887",
                "reference": "5689b994c242c14c463a30b9e831a617400e9887",
                "shasum": ""
            },
            "require": {
                "europaphp/component-config": "dev-master",
                "europaphp/component-iterator": "dev-master",
                "php": ">=5.4.0, <6.0.0"
            },
            "type": "library",
            "autoload": {
                "psr-0": {
                    "Europa": "src"
                }
            },
            "notification-url": "https://packagist.org/downloads/",
            "license": [
                "MIT"
            ],
            "authors": [
                {
                    "name": "Trey Shugart",
                    "email": "treshugart@gmail.com",
                    "homepage": "http://iamtres.com",
                    "role": "Lead Developer"
                }
            ],
            "description": "EuropaPHP filter component.",
            "keywords": [
                "Simple",
                "controller",
                "fast",
                "modular",
                "module",
                "mvc",
                "scalable",
                "view"
            ],
            "time": "2013-09-30 12:21:54"
        },
        {
            "name": "europaphp/component-fs",
            "version": "dev-master",
            "source": {
                "type": "git",
                "url": "https://github.com/europaphp/component-fs.git",
                "reference": "c08b612da2e0f742a27184c985a5555834a26e57"
            },
            "dist": {
                "type": "zip",
                "url": "https://api.github.com/repos/europaphp/component-fs/zipball/c08b612da2e0f742a27184c985a5555834a26e57",
                "reference": "c08b612da2e0f742a27184c985a5555834a26e57",
                "shasum": ""
            },
            "require": {
                "europaphp/component-exception": "dev-master",
                "europaphp/component-iterator": "dev-master",
                "php": ">=5.4.0, <6.0.0"
            },
            "type": "library",
            "autoload": {
                "psr-0": {
                    "Europa": "src"
                }
            },
            "notification-url": "https://packagist.org/downloads/",
            "license": [
                "MIT"
            ],
            "authors": [
                {
                    "name": "Trey Shugart",
                    "email": "treshugart@gmail.com",
                    "homepage": "http://iamtres.com",
                    "role": "Lead Developer"
                }
            ],
            "description": "EuropaPHP filesystem component.",
            "keywords": [
                "Simple",
                "controller",
                "fast",
                "modular",
                "module",
                "mvc",
                "scalable",
                "view"
            ],
            "time": "2013-09-30 12:22:10"
        },
        {
            "name": "europaphp/component-iterator",
            "version": "dev-master",
            "source": {
                "type": "git",
                "url": "https://github.com/europaphp/component-iterator.git",
                "reference": "791a3cd3f3e7f60ad90e49116e782d6cf95a03ec"
            },
            "dist": {
                "type": "zip",
                "url": "https://api.github.com/repos/europaphp/component-iterator/zipball/791a3cd3f3e7f60ad90e49116e782d6cf95a03ec",
                "reference": "791a3cd3f3e7f60ad90e49116e782d6cf95a03ec",
                "shasum": ""
            },
            "require": {
                "php": ">=5.4.0, <6.0.0"
            },
            "type": "library",
            "autoload": {
                "psr-0": {
                    "Europa": "src"
                }
            },
            "notification-url": "https://packagist.org/downloads/",
            "license": [
                "MIT"
            ],
            "authors": [
                {
                    "name": "Trey Shugart",
                    "email": "treshugart@gmail.com",
                    "homepage": "http://iamtres.com",
                    "role": "Lead Developer"
                }
            ],
            "description": "EuropaPHP iterator component.",
            "keywords": [
                "Simple",
                "controller",
                "fast",
                "modular",
                "module",
                "mvc",
                "scalable",
                "view"
            ],
            "time": "2013-09-30 11:55:31"
        },
        {
            "name": "europaphp/component-module",
            "version": "dev-master",
            "source": {
                "type": "git",
                "url": "https://github.com/europaphp/component-module.git",
                "reference": "52f0878d96e37e93ad24e87897b68a8bba091b23"
            },
            "dist": {
                "type": "zip",
                "url": "https://api.github.com/repos/europaphp/component-module/zipball/52f0878d96e37e93ad24e87897b68a8bba091b23",
                "reference": "52f0878d96e37e93ad24e87897b68a8bba091b23",
                "shasum": ""
            },
            "require": {
                "europaphp/component-config": "dev-master",
                "europaphp/component-exception": "dev-master",
                "europaphp/component-filter": "dev-master",
                "europaphp/component-version": "dev-master",
                "php": ">=5.4.0, <6.0.0"
            },
            "type": "library",
            "autoload": {
                "psr-0": {
                    "Europa": "src"
                }
            },
            "notification-url": "https://packagist.org/downloads/",
            "license": [
                "MIT"
            ],
            "authors": [
                {
                    "name": "Trey Shugart",
                    "email": "treshugart@gmail.com",
                    "homepage": "http://iamtres.com",
                    "role": "Lead Developer"
                }
            ],
            "description": "EuropaPHP module component.",
            "keywords": [
                "Simple",
                "controller",
                "fast",
                "modular",
                "module",
                "mvc",
                "scalable",
                "view"
            ],
            "time": "2013-09-30 12:22:57"
        },
        {
            "name": "europaphp/component-reflection",
            "version": "dev-master",
            "source": {
                "type": "git",
                "url": "https://github.com/europaphp/component-reflection.git",
                "reference": "b00ac0b530985442aff40a21d6404bdff8a99c25"
            },
            "dist": {
                "type": "zip",
                "url": "https://api.github.com/repos/europaphp/component-reflection/zipball/b00ac0b530985442aff40a21d6404bdff8a99c25",
                "reference": "b00ac0b530985442aff40a21d6404bdff8a99c25",
                "shasum": ""
            },
            "require": {
                "europaphp/component-exception": "dev-master",
                "php": ">=5.4.0, <6.0.0"
            },
            "type": "library",
            "autoload": {
                "psr-0": {
                    "Europa": "src"
                }
            },
            "notification-url": "https://packagist.org/downloads/",
            "license": [
                "MIT"
            ],
            "authors": [
                {
                    "name": "Trey Shugart",
                    "email": "treshugart@gmail.com",
                    "homepage": "http://iamtres.com",
                    "role": "Lead Developer"
                }
            ],
            "description": "EuropaPHP reflection component.",
            "keywords": [
                "Simple",
                "controller",
                "fast",
                "modular",
                "module",
                "mvc",
                "scalable",
                "view"
            ],
            "time": "2013-09-30 12:23:10"
        },
        {
            "name": "europaphp/component-request",
            "version": "dev-master",
            "source": {
                "type": "git",
                "url": "https://github.com/europaphp/component-request.git",
                "reference": "c2a8a549c8410245e7f6cd27bd8f829824a2dbcf"
            },
            "dist": {
                "type": "zip",
                "url": "https://api.github.com/repos/europaphp/component-request/zipball/c2a8a549c8410245e7f6cd27bd8f829824a2dbcf",
                "reference": "c2a8a549c8410245e7f6cd27bd8f829824a2dbcf",
                "shasum": ""
            },
            "require": {
                "europaphp/component-exception": "dev-master",
                "europaphp/component-filter": "dev-master",
                "php": ">=5.4.0, <6.0.0"
            },
            "type": "library",
            "autoload": {
                "psr-0": {
                    "Europa": "src"
                }
            },
            "notification-url": "https://packagist.org/downloads/",
            "license": [
                "MIT"
            ],
            "authors": [
                {
                    "name": "Trey Shugart",
                    "email": "treshugart@gmail.com",
                    "homepage": "http://iamtres.com",
                    "role": "Lead Developer"
                }
            ],
            "description": "EuropaPHP request component.",
            "keywords": [
                "Simple",
                "controller",
                "fast",
                "modular",
                "module",
                "mvc",
                "scalable",
                "view"
            ],
            "time": "2013-09-30 12:23:33"
        },
        {
            "name": "europaphp/component-response",
            "version": "dev-master",
            "source": {
                "type": "git",
                "url": "https://github.com/europaphp/component-response.git",
                "reference": "7c62fcfd6b277b7a150221cc2039b330e943e70f"
            },
            "dist": {
                "type": "zip",
                "url": "https://api.github.com/repos/europaphp/component-response/zipball/7c62fcfd6b277b7a150221cc2039b330e943e70f",
                "reference": "7c62fcfd6b277b7a150221cc2039b330e943e70f",
                "shasum": ""
            },
            "require": {
                "php": ">=5.4.0, <6.0.0"
            },
            "type": "library",
            "autoload": {
                "psr-0": {
                    "Europa": "src"
                }
            },
            "notification-url": "https://packagist.org/downloads/",
            "license": [
                "MIT"
            ],
            "authors": [
                {
                    "name": "Trey Shugart",
                    "email": "treshugart@gmail.com",
                    "homepage": "http://iamtres.com",
                    "role": "Lead Developer"
                }
            ],
            "description": "EuropaPHP response component.",
            "keywords": [
                "Simple",
                "controller",
                "fast",
                "modular",
                "module",
                "mvc",
                "scalable",
                "view"
            ],
            "time": "2013-09-30 11:56:38"
        },
        {
            "name": "europaphp/component-router",
            "version": "dev-master",
            "source": {
                "type": "git",
                "url": "https://github.com/europaphp/component-router.git",
                "reference": "476ee848b9fb8a75f1a2650336d7a4486322785d"
            },
            "dist": {
                "type": "zip",
                "url": "https://api.github.com/repos/europaphp/component-router/zipball/476ee848b9fb8a75f1a2650336d7a4486322785d",
                "reference": "476ee848b9fb8a75f1a2650336d7a4486322785d",
                "shasum": ""
            },
            "require": {
                "europaphp/component-exception": "dev-master",
                "europaphp/component-router": "dev-master",
                "php": ">=5.4.0, <6.0.0"
            },
            "type": "library",
            "autoload": {
                "psr-0": {
                    "Europa": "src"
                }
            },
            "notification-url": "https://packagist.org/downloads/",
            "license": [
                "MIT"
            ],
            "authors": [
                {
                    "name": "Trey Shugart",
                    "email": "treshugart@gmail.com",
                    "homepage": "http://iamtres.com",
                    "role": "Lead Developer"
                }
            ],
            "description": "EuropaPHP routing component.",
            "keywords": [
                "Simple",
                "controller",
                "fast",
                "modular",
                "module",
                "mvc",
                "scalable",
                "view"
            ],
            "time": "2013-09-30 12:23:59"
        },
        {
            "name": "europaphp/component-version",
            "version": "dev-master",
            "source": {
                "type": "git",
                "url": "https://github.com/europaphp/component-version.git",
                "reference": "6cd9bd3a47a754f0b152624bf48a07eecfa3ef6b"
            },
            "dist": {
                "type": "zip",
                "url": "https://api.github.com/repos/europaphp/component-version/zipball/6cd9bd3a47a754f0b152624bf48a07eecfa3ef6b",
                "reference": "6cd9bd3a47a754f0b152624bf48a07eecfa3ef6b",
                "shasum": ""
            },
            "require": {
                "php": ">=5.4.0, <6.0.0"
            },
            "type": "library",
            "autoload": {
                "psr-0": {
                    "Europa": "src"
                }
            },
            "notification-url": "https://packagist.org/downloads/",
            "license": [
                "MIT"
            ],
            "authors": [
                {
                    "name": "Trey Shugart",
                    "email": "treshugart@gmail.com",
                    "homepage": "http://iamtres.com",
                    "role": "Lead Developer"
                }
            ],
            "description": "EuropaPHP version component.",
            "keywords": [
                "Simple",
                "controller",
                "fast",
                "modular",
                "module",
                "mvc",
                "scalable",
                "view"
            ],
            "time": "2013-09-30 11:57:13"
        },
        {
            "name": "europaphp/component-view",
            "version": "dev-master",
            "source": {
                "type": "git",
                "url": "https://github.com/europaphp/component-view.git",
                "reference": "e40a2cdfe3182454a225120a39292574080788c7"
            },
            "dist": {
                "type": "zip",
                "url": "https://api.github.com/repos/europaphp/component-view/zipball/e40a2cdfe3182454a225120a39292574080788c7",
                "reference": "e40a2cdfe3182454a225120a39292574080788c7",
                "shasum": ""
            },
            "require": {
                "europaphp/component-config": "dev-master",
                "europaphp/component-di": "dev-master",
                "europaphp/component-exception": "dev-master",
                "europaphp/component-filter": "dev-master",
                "europaphp/component-fs": "dev-master",
                "europaphp/component-request": "dev-master",
                "europaphp/component-router": "dev-master",
                "php": ">=5.4.0, <6.0.0"
            },
            "type": "library",
            "autoload": {
                "psr-0": {
                    "Europa": "src"
                }
            },
            "notification-url": "https://packagist.org/downloads/",
            "license": [
                "MIT"
            ],
            "authors": [
                {
                    "name": "Trey Shugart",
                    "email": "treshugart@gmail.com",
                    "homepage": "http://iamtres.com",
                    "role": "Lead Developer"
                }
            ],
            "description": "EuropaPHP view component.",
            "keywords": [
                "Simple",
                "controller",
                "fast",
                "modular",
                "module",
                "mvc",
                "scalable",
                "view"
            ],
            "time": "2013-09-30 12:24:34"
        },
        {
            "name": "europaphp/module-help",
            "version": "dev-master",
            "source": {
                "type": "git",
                "url": "https://github.com/europaphp/module-help.git",
                "reference": "fe5125217c9ad00756caec1a9a78b63f642c084d"
            },
            "dist": {
                "type": "zip",
                "url": "https://api.github.com/repos/europaphp/module-help/zipball/fe5125217c9ad00756caec1a9a78b63f642c084d",
                "reference": "fe5125217c9ad00756caec1a9a78b63f642c084d",
                "shasum": ""
            },
            "require": {
                "europaphp/component-module": "dev-master",
                "europaphp/component-reflection": "dev-master",
                "europaphp/component-request": "dev-master",
                "europaphp/component-router": "dev-master",
                "europaphp/module-main": "dev-master"
            },
            "type": "library",
            "autoload": {
                "psr-0": {
                    "": "src"
                }
            },
            "notification-url": "https://packagist.org/downloads/",
            "license": [
                "MIT"
            ],
            "authors": [
                {
                    "name": "Trey Shugart",
                    "email": "treshugart@gmail.com",
                    "homepage": "http://iamtres.com",
                    "role": "Lead Developer"
                }
            ],
            "description": "Command Line Help Module for EuropaPHP 2",
            "keywords": [
                "cli",
                "help",
                "man"
            ],
            "time": "2013-09-30 12:28:40"
        },
        {
            "name": "europaphp/module-main",
            "version": "dev-master",
            "source": {
                "type": "git",
                "url": "https://github.com/europaphp/module-main.git",
                "reference": "77f0575063c452e1a9c0cea94334a4914175bc04"
            },
            "dist": {
                "type": "zip",
                "url": "https://api.github.com/repos/europaphp/module-main/zipball/77f0575063c452e1a9c0cea94334a4914175bc04",
                "reference": "77f0575063c452e1a9c0cea94334a4914175bc04",
                "shasum": ""
            },
            "require": {
                "europaphp/component-app": "dev-master",
                "europaphp/component-bootstrapper": "dev-master",
                "europaphp/component-di": "dev-master",
                "europaphp/component-fs": "dev-master",
                "europaphp/component-module": "dev-master",
                "europaphp/component-reflection": "dev-master",
                "europaphp/component-request": "dev-master",
                "europaphp/component-response": "dev-master",
                "europaphp/component-router": "dev-master",
                "europaphp/component-view": "dev-master"
            },
            "type": "library",
            "autoload": {
                "psr-0": {
                    "": "src"
                }
            },
            "notification-url": "https://packagist.org/downloads/",
            "license": [
                "MIT"
            ],
            "authors": [
                {
                    "name": "Trey Shugart",
                    "email": "treshugart@gmail.com",
                    "homepage": "http://iamtres.com",
                    "role": "Lead Developer"
                }
            ],
            "description": "Module that adds convetion and functionality to EuorpaPHP apps.",
            "keywords": [
                "cli",
                "help",
                "man"
            ],
            "time": "2013-09-30 12:28:53"
        }
    ],
    "packages-dev": [

    ],
    "aliases": [

    ],
    "minimum-stability": "dev",
    "stability-flags": {
        "europaphp/component-app": 20,
        "europaphp/module-help": 20,
        "europaphp/module-main": 20
    },
    "platform": {
        "php": ">=5.4.0, <6.0.0"
    },
    "platform-dev": [

    ]
}
