{
    "hash": "9a2dd928ea304372dec7520750e1379e",
    "packages": [

    ],
    "packages-dev": [
        {
            "name": "treshugart/testes",
            "version": "1.0.4",
            "source": {
                "type": "git",
                "url": "https://github.com/treshugart/Testes.git",
                "reference": "1.0.4"
            },
            "dist": {
                "type": "zip",
                "url": "https://github.com/treshugart/Testes/archive/1.0.4.zip",
                "reference": "1.0.4",
                "shasum": ""
            },
            "require": {
                "php": ">=5.4.0"
            },
            "require-dev": {
                "ext-xdebug": "*"
            },
            "time": "2012-11-22 05:50:38",
            "type": "library",
            "installation-source": "dist",
            "autoload": {
                "psr-0": {
                    "Testes": "src"
                }
            },
            "license": [
                "MIT"
            ],
            "authors": [
                {
                    "name": "Trey Shugart",
                    "email": "treshugart@gmail.com",
                    "homepage": "http://iamtres.com",
                    "role": "Lead Developer"
                }
            ],
            "description": "Dead simple unit and story test framework.",
            "homepage": "http://github.com/treshugart/Testes",
            "keywords": [
                "testing",
                "BDD",
                "test",
                "Behavior",
                "development",
                "unit",
                "story",
                "driven"
            ]
        }
    ],
    "aliases": [

    ],
    "minimum-stability": "stable",
    "stability-flags": [

    ]
}
